
Microsoft Visual Studio Solution File, Format Version 10.00
# Visual Studio 2008
Project("{F184B08F-C81C-45F6-A57F-5ABD9991F28F}") = "SMPWork", "SMPWork.vbproj", "{109FFBEF-B386-48FF-9BE8-46E258845632}"
EndProject
Global
	GlobalSection(SolutionConfigurationPlatforms) = preSolution
		Debug|Any CPU = Debug|Any CPU
		Release|Any CPU = Release|Any CPU
	EndGlobalSection
	GlobalSection(ProjectConfigurationPlatforms) = postSolution
		{109FFBEF-B386-48FF-9BE8-46E258845632}.Debug|Any CPU.ActiveCfg = Debug|Any CPU
		{109FFBEF-B386-48FF-9BE8-46E258845632}.Debug|Any CPU.Build.0 = Debug|Any CPU
		{109FFBEF-B386-48FF-9BE8-46E258845632}.Release|Any CPU.ActiveCfg = Release|Any CPU
		{109FFBEF-B386-48FF-9BE8-46E258845632}.Release|Any CPU.Build.0 = Release|Any CPU
	EndGlobalSection
	GlobalSection(SolutionProperties) = preSolution
		HideSolutionNode = FALSE
	EndGlobalSection
EndGlobal
